{
  "lockfile_version": "1",
  "packages": {
    "github:NixOS/nixpkgs/nixpkgs-unstable": {
      "last_modified": "2026-01-10T08:02:33Z",
      "resolved": "github:NixOS/nixpkgs/3146c6aa9995e7351a398e17470e15305e6e18ff?lastModified=1768032153"
    },
    "nodejs@20.11.1": {
      "last_modified": "2024-04-02T02:53:36Z",
      "plugin_version": "0.0.2",
      "resolved": "github:NixOS/nixpkgs/080a4a27f206d07724b88da096e27ef63401a504#nodejs_20",
      "source": "devbox-search",
      "version": "20.11.1",
      "systems": {
        "aarch64-darwin": {
          "outputs": [
            {
              "name": "out",
              "path": "/nix/store/j40phqwgkcbngyiv3vziyc8kx6axj471-nodejs-20.11.1",
              "default": true
            },
            {
              "name": "libv8",
              "path": "/nix/store/v39n7p25zq1n41b6r1qy8v83albapaw7-nodejs-20.11.1-libv8"
            }
          ],
          "store_path": "/nix/store/j40phqwgkcbngyiv3vziyc8kx6axj471-nodejs-20.11.1"
        },
        "aarch64-linux": {
          "outputs": [
            {
              "name": "out",
              "path": "/nix/store/4r6qr0bzmkdjjjaf7i4vbjmf92l9zpq0-nodejs-20.11.1",
              "default": true
            },
            {
              "name": "libv8",
              "path": "/nix/store/l6sn21nfn1xyl20i0r0500jpgbd32vg5-nodejs-20.11.1-libv8"
            }
          ],
          "store_path": "/nix/store/4r6qr0bzmkdjjjaf7i4vbjmf92l9zpq0-nodejs-20.11.1"
        },
        "x86_64-darwin": {
          "outputs": [
            {
              "name": "out",
              "path": "/nix/store/kwnl5cxqpa30alxwdksrjnzjrj4wrww3-nodejs-20.11.1",
              "default": true
            },
            {
              "name": "libv8",
              "path": "/nix/store/n5skfiy87k0vh5xyhmrbrn5bgmkr1i28-nodejs-20.11.1-libv8"
            }
          ],
          "store_path": "/nix/store/kwnl5cxqpa30alxwdksrjnzjrj4wrww3-nodejs-20.11.1"
        },
        "x86_64-linux": {
          "outputs": [
            {
              "name": "out",
              "path": "/nix/store/frchj7ynjnj5rwbhhdkwig25lz41y854-nodejs-20.11.1",
              "default": true
            },
            {
              "name": "libv8",
              "path": "/nix/store/1qvbzrhpjkpik7897n7j1ryryg6zrqns-nodejs-20.11.1-libv8"
            }
          ],
          "store_path": "/nix/store/frchj7ynjnj5rwbhhdkwig25lz41y854-nodejs-20.11.1"
        }
      }
    },
    "pnpm@latest": {
      "last_modified": "2025-12-31T03:27:36Z",
      "resolved": "github:NixOS/nixpkgs/f665af0cdb70ed27e1bd8f9fdfecaf451260fc55#pnpm",
      "source": "devbox-search",
      "version": "10.26.1",
      "systems": {
        "aarch64-darwin": {
          "outputs": [
            {
              "name": "out",
              "path": "/nix/store/bixq2sgnl5gmjyslfsmnaijl7bn08p9z-pnpm-10.26.1",
              "default": true
            }
          ],
          "store_path": "/nix/store/bixq2sgnl5gmjyslfsmnaijl7bn08p9z-pnpm-10.26.1"
        },
        "aarch64-linux": {
          "outputs": [
            {
              "name": "out",
              "path": "/nix/store/ss5hrp8zgm7jmr1fd0yd2z9sk1whbs2b-pnpm-10.26.1",
              "default": true
            }
          ],
          "store_path": "/nix/store/ss5hrp8zgm7jmr1fd0yd2z9sk1whbs2b-pnpm-10.26.1"
        },
        "x86_64-darwin": {
          "outputs": [
            {
              "name": "out",
              "path": "/nix/store/yx8yh8m92cxdszxka9sa9kvy26jksg69-pnpm-10.26.1",
              "default": true
            }
          ],
          "store_path": "/nix/store/yx8yh8m92cxdszxka9sa9kvy26jksg69-pnpm-10.26.1"
        },
        "x86_64-linux": {
          "outputs": [
            {
              "name": "out",
              "path": "/nix/store/61lr9izijvg30pcribjdxgjxvh3bysp4-pnpm-10.26.1",
              "default": true
            }
          ],
          "store_path": "/nix/store/61lr9izijvg30pcribjdxgjxvh3bysp4-pnpm-10.26.1"
        }
      }
    }
  }
}
